Microsoft Visual Studio Solution File, Format Version 12.00
# Visual Studio Version 17
VisualStudioVersion = 17.5.2.0
MinimumVisualStudioVersion = 10.0.40219.1
Project("{2150E333-8FDC-42A3-9474-1A3956D46DE8}") = "Source", "Source", "{B8EFCA5F-814F-285C-A8CB-F00F14650265}"
EndProject
Project("{FAE04EC0-301F-11D3-BF4B-00C04F79EFBC}") = "AnimalTrainingArea", "Source\AnimalTrainingArea.csproj", "{6B2D2E60-6974-D0BE-C6D8-257D3FCEE12E}"
EndProject
Global
	GlobalSection(SolutionConfigurationPlatforms) = preSolution
		Debug|Any CPU = Debug|Any CPU
		Release|Any CPU = Release|Any CPU
	EndGlobalSection
	GlobalSection(ProjectConfigurationPlatforms) = postSolution
		{6B2D2E60-6974-D0BE-C6D8-257D3FCEE12E}.Debug|Any CPU.ActiveCfg = Debug|Any CPU
		{6B2D2E60-6974-D0BE-C6D8-257D3FCEE12E}.Debug|Any CPU.Build.0 = Debug|Any CPU
		{6B2D2E60-6974-D0BE-C6D8-257D3FCEE12E}.Release|Any CPU.ActiveCfg = Release|Any CPU
		{6B2D2E60-6974-D0BE-C6D8-257D3FCEE12E}.Release|Any CPU.Build.0 = Release|Any CPU
	EndGlobalSection
	GlobalSection(SolutionProperties) = preSolution
		HideSolutionNode = FALSE
	EndGlobalSection
	GlobalSection(NestedProjects) = preSolution
		{6B2D2E60-6974-D0BE-C6D8-257D3FCEE12E} = {B8EFCA5F-814F-285C-A8CB-F00F14650265}
	EndGlobalSection
	GlobalSection(ExtensibilityGlobals) = postSolution
		SolutionGuid = {FCD269C8-AA3F-4C91-BBE0-FED8763B3A71}
	EndGlobalSection
EndGlobal
